Microsoft Visual Studio Solution File, Format Version 12.00
# Visual Studio Version 17
VisualStudioVersion = 17.5.2.0
MinimumVisualStudioVersion = 10.0.40219.1
Project("{FAE04EC0-301F-11D3-BF4B-00C04F79EFBC}") = "listas-estudiantes", "listas-estudiantes\listas-estudiantes.csproj", "{249756D9-F040-7F0F-A92A-AF61EA835320}"
EndProject
Global
	GlobalSection(SolutionConfigurationPlatforms) = preSolution
		Debug|Any CPU = Debug|Any CPU
		Release|Any CPU = Release|Any CPU
	EndGlobalSection
	GlobalSection(ProjectConfigurationPlatforms) = postSolution
		{249756D9-F040-7F0F-A92A-AF61EA835320}.Debug|Any CPU.ActiveCfg = Debug|Any CPU
		{249756D9-F040-7F0F-A92A-AF61EA835320}.Debug|Any CPU.Build.0 = Debug|Any CPU
		{249756D9-F040-7F0F-A92A-AF61EA835320}.Release|Any CPU.ActiveCfg = Release|Any CPU
		{249756D9-F040-7F0F-A92A-AF61EA835320}.Release|Any CPU.Build.0 = Release|Any CPU
	EndGlobalSection
	GlobalSection(SolutionProperties) = preSolution
		HideSolutionNode = FALSE
	EndGlobalSection
	GlobalSection(ExtensibilityGlobals) = postSolution
		SolutionGuid = {F562A9FA-9522-4C3E-94A4-72A3475613F8}
	EndGlobalSection
EndGlobal
